
Microsoft Visual Studio Solution File, Format Version 12.00
# Visual Studio Version 17
VisualStudioVersion = 17.1.32319.34
MinimumVisualStudioVersion = 10.0.40219.1
Project("{FAE04EC0-301F-11D3-BF4B-00C04F79EFBC}") = "Consola", "Consola\Consola.csproj", "{C10CFF90-0E7F-4375-919E-8E3BD5842A8A}"
EndProject
Global
	GlobalSection(SolutionConfigurationPlatforms) = preSolution
		Debug|Any CPU = Debug|Any CPU
		Release|Any CPU = Release|Any CPU
	EndGlobalSection
	GlobalSection(ProjectConfigurationPlatforms) = postSolution
		{C10CFF90-0E7F-4375-919E-8E3BD5842A8A}.Debug|Any CPU.ActiveCfg = Debug|Any CPU
		{C10CFF90-0E7F-4375-919E-8E3BD5842A8A}.Debug|Any CPU.Build.0 = Debug|Any CPU
		{C10CFF90-0E7F-4375-919E-8E3BD5842A8A}.Release|Any CPU.ActiveCfg = Release|Any CPU
		{C10CFF90-0E7F-4375-919E-8E3BD5842A8A}.Release|Any CPU.Build.0 = Release|Any CPU
	EndGlobalSection
	GlobalSection(SolutionProperties) = preSolution
		HideSolutionNode = FALSE
	EndGlobalSection
	GlobalSection(ExtensibilityGlobals) = postSolution
		SolutionGuid = {6AE3EF40-7296-43DB-B7BF-D8090B9024C4}
	EndGlobalSection
EndGlobal
