
Microsoft Visual Studio Solution File, Format Version 12.00
# Visual Studio Version 17
VisualStudioVersion = 17.1.32319.34
MinimumVisualStudioVersion = 10.0.40219.1
Project("{FAE04EC0-301F-11D3-BF4B-00C04F79EFBC}") = "Biblioteca", "Biblioteca\Biblioteca.csproj", "{2B20F110-C91F-4AEE-B096-11982654AD10}"
EndProject
Project("{FAE04EC0-301F-11D3-BF4B-00C04F79EFBC}") = "Consola", "Consola\Consola.csproj", "{3085D832-5785-4B2D-A10D-AA706CC0AD84}"
EndProject
Global
	GlobalSection(SolutionConfigurationPlatforms) = preSolution
		Debug|Any CPU = Debug|Any CPU
		Release|Any CPU = Release|Any CPU
	EndGlobalSection
	GlobalSection(ProjectConfigurationPlatforms) = postSolution
		{2B20F110-C91F-4AEE-B096-11982654AD10}.Debug|Any CPU.ActiveCfg = Debug|Any CPU
		{2B20F110-C91F-4AEE-B096-11982654AD10}.Debug|Any CPU.Build.0 = Debug|Any CPU
		{2B20F110-C91F-4AEE-B096-11982654AD10}.Release|Any CPU.ActiveCfg = Release|Any CPU
		{2B20F110-C91F-4AEE-B096-11982654AD10}.Release|Any CPU.Build.0 = Release|Any CPU
		{3085D832-5785-4B2D-A10D-AA706CC0AD84}.Debug|Any CPU.ActiveCfg = Debug|Any CPU
		{3085D832-5785-4B2D-A10D-AA706CC0AD84}.Debug|Any CPU.Build.0 = Debug|Any CPU
		{3085D832-5785-4B2D-A10D-AA706CC0AD84}.Release|Any CPU.ActiveCfg = Release|Any CPU
		{3085D832-5785-4B2D-A10D-AA706CC0AD84}.Release|Any CPU.Build.0 = Release|Any CPU
	EndGlobalSection
	GlobalSection(SolutionProperties) = preSolution
		HideSolutionNode = FALSE
	EndGlobalSection
	GlobalSection(ExtensibilityGlobals) = postSolution
		SolutionGuid = {12790584-574A-480F-B555-FB2C7A406A95}
	EndGlobalSection
EndGlobal
