
Microsoft Visual Studio Solution File, Format Version 12.00
# Visual Studio Version 17
VisualStudioVersion = 17.1.32319.34
MinimumVisualStudioVersion = 10.0.40219.1
Project("{FAE04EC0-301F-11D3-BF4B-00C04F79EFBC}") = "Biblioteca", "Biblioteca\Biblioteca.csproj", "{03305827-7CF7-4559-B5AB-6BE39CF805B5}"
EndProject
Project("{FAE04EC0-301F-11D3-BF4B-00C04F79EFBC}") = "Consola", "Consola\Consola.csproj", "{AA381645-1893-489F-A3A2-B1A8D5EC7047}"
EndProject
Global
	GlobalSection(SolutionConfigurationPlatforms) = preSolution
		Debug|Any CPU = Debug|Any CPU
		Release|Any CPU = Release|Any CPU
	EndGlobalSection
	GlobalSection(ProjectConfigurationPlatforms) = postSolution
		{03305827-7CF7-4559-B5AB-6BE39CF805B5}.Debug|Any CPU.ActiveCfg = Debug|Any CPU
		{03305827-7CF7-4559-B5AB-6BE39CF805B5}.Debug|Any CPU.Build.0 = Debug|Any CPU
		{03305827-7CF7-4559-B5AB-6BE39CF805B5}.Release|Any CPU.ActiveCfg = Release|Any CPU
		{03305827-7CF7-4559-B5AB-6BE39CF805B5}.Release|Any CPU.Build.0 = Release|Any CPU
		{AA381645-1893-489F-A3A2-B1A8D5EC7047}.Debug|Any CPU.ActiveCfg = Debug|Any CPU
		{AA381645-1893-489F-A3A2-B1A8D5EC7047}.Debug|Any CPU.Build.0 = Debug|Any CPU
		{AA381645-1893-489F-A3A2-B1A8D5EC7047}.Release|Any CPU.ActiveCfg = Release|Any CPU
		{AA381645-1893-489F-A3A2-B1A8D5EC7047}.Release|Any CPU.Build.0 = Release|Any CPU
	EndGlobalSection
	GlobalSection(SolutionProperties) = preSolution
		HideSolutionNode = FALSE
	EndGlobalSection
	GlobalSection(ExtensibilityGlobals) = postSolution
		SolutionGuid = {2BA91013-04FF-456E-8669-FC5DAA46664C}
	EndGlobalSection
EndGlobal
