
Microsoft Visual Studio Solution File, Format Version 12.00
# Visual Studio Version 17
VisualStudioVersion = 17.1.32319.34
MinimumVisualStudioVersion = 10.0.40219.1
Project("{FAE04EC0-301F-11D3-BF4B-00C04F79EFBC}") = "VistaForm", "VistaForm\VistaForm.csproj", "{0D03B423-7A2F-4E16-969C-624C1E78F5BA}"
EndProject
Global
	GlobalSection(SolutionConfigurationPlatforms) = preSolution
		Debug|Any CPU = Debug|Any CPU
		Release|Any CPU = Release|Any CPU
	EndGlobalSection
	GlobalSection(ProjectConfigurationPlatforms) = postSolution
		{0D03B423-7A2F-4E16-969C-624C1E78F5BA}.Debug|Any CPU.ActiveCfg = Debug|Any CPU
		{0D03B423-7A2F-4E16-969C-624C1E78F5BA}.Debug|Any CPU.Build.0 = Debug|Any CPU
		{0D03B423-7A2F-4E16-969C-624C1E78F5BA}.Release|Any CPU.ActiveCfg = Release|Any CPU
		{0D03B423-7A2F-4E16-969C-624C1E78F5BA}.Release|Any CPU.Build.0 = Release|Any CPU
	EndGlobalSection
	GlobalSection(SolutionProperties) = preSolution
		HideSolutionNode = FALSE
	EndGlobalSection
	GlobalSection(ExtensibilityGlobals) = postSolution
		SolutionGuid = {4980BA0B-5D0F-482E-B7D4-5E8A0F0069E4}
	EndGlobalSection
EndGlobal
