
Microsoft Visual Studio Solution File, Format Version 12.00
# Visual Studio Version 17
VisualStudioVersion = 17.1.32319.34
MinimumVisualStudioVersion = 10.0.40219.1
Project("{FAE04EC0-301F-11D3-BF4B-00C04F79EFBC}") = "Vsitas", "I02.3\Vsitas.csproj", "{2FAF974E-A6A5-4ECC-85B8-140949058AAB}"
EndProject
Project("{FAE04EC0-301F-11D3-BF4B-00C04F79EFBC}") = "Biblioteca", "Biblioteca\Biblioteca.csproj", "{63322DD0-C792-4EB3-852C-30A792319C66}"
EndProject
Global
	GlobalSection(SolutionConfigurationPlatforms) = preSolution
		Debug|Any CPU = Debug|Any CPU
		Release|Any CPU = Release|Any CPU
	EndGlobalSection
	GlobalSection(ProjectConfigurationPlatforms) = postSolution
		{2FAF974E-A6A5-4ECC-85B8-140949058AAB}.Debug|Any CPU.ActiveCfg = Debug|Any CPU
		{2FAF974E-A6A5-4ECC-85B8-140949058AAB}.Debug|Any CPU.Build.0 = Debug|Any CPU
		{2FAF974E-A6A5-4ECC-85B8-140949058AAB}.Release|Any CPU.ActiveCfg = Release|Any CPU
		{2FAF974E-A6A5-4ECC-85B8-140949058AAB}.Release|Any CPU.Build.0 = Release|Any CPU
		{63322DD0-C792-4EB3-852C-30A792319C66}.Debug|Any CPU.ActiveCfg = Debug|Any CPU
		{63322DD0-C792-4EB3-852C-30A792319C66}.Debug|Any CPU.Build.0 = Debug|Any CPU
		{63322DD0-C792-4EB3-852C-30A792319C66}.Release|Any CPU.ActiveCfg = Release|Any CPU
		{63322DD0-C792-4EB3-852C-30A792319C66}.Release|Any CPU.Build.0 = Release|Any CPU
	EndGlobalSection
	GlobalSection(SolutionProperties) = preSolution
		HideSolutionNode = FALSE
	EndGlobalSection
	GlobalSection(ExtensibilityGlobals) = postSolution
		SolutionGuid = {934B269A-AED9-4294-847A-816E803D8FC8}
	EndGlobalSection
EndGlobal
