
Microsoft Visual Studio Solution File, Format Version 12.00
# Visual Studio Version 17
VisualStudioVersion = 17.1.32319.34
MinimumVisualStudioVersion = 10.0.40219.1
Project("{FAE04EC0-301F-11D3-BF4B-00C04F79EFBC}") = "VistaForm", "VistaForm\VistaForm.csproj", "{86F78FED-D1B0-46AD-A0A9-CE01C7DCB407}"
EndProject
Global
	GlobalSection(SolutionConfigurationPlatforms) = preSolution
		Debug|Any CPU = Debug|Any CPU
		Release|Any CPU = Release|Any CPU
	EndGlobalSection
	GlobalSection(ProjectConfigurationPlatforms) = postSolution
		{86F78FED-D1B0-46AD-A0A9-CE01C7DCB407}.Debug|Any CPU.ActiveCfg = Debug|Any CPU
		{86F78FED-D1B0-46AD-A0A9-CE01C7DCB407}.Debug|Any CPU.Build.0 = Debug|Any CPU
		{86F78FED-D1B0-46AD-A0A9-CE01C7DCB407}.Release|Any CPU.ActiveCfg = Release|Any CPU
		{86F78FED-D1B0-46AD-A0A9-CE01C7DCB407}.Release|Any CPU.Build.0 = Release|Any CPU
	EndGlobalSection
	GlobalSection(SolutionProperties) = preSolution
		HideSolutionNode = FALSE
	EndGlobalSection
	GlobalSection(ExtensibilityGlobals) = postSolution
		SolutionGuid = {2184E196-9D2B-43AB-822C-F1B9959869EA}
	EndGlobalSection
EndGlobal
