
Microsoft Visual Studio Solution File, Format Version 12.00
# Visual Studio Version 17
VisualStudioVersion = 17.1.32319.34
MinimumVisualStudioVersion = 10.0.40219.1
Project("{9A19103F-16F7-4668-BE54-9A1E7A4F7556}") = "Biblioteca", "Biblioteca\Biblioteca.csproj", "{55019C13-682F-4F60-95BD-BB4E577D3797}"
EndProject
Project("{FAE04EC0-301F-11D3-BF4B-00C04F79EFBC}") = "MiCalculadora", "MiCalculadora\MiCalculadora.csproj", "{99814E09-22D4-4802-B24A-2630786164AB}"
EndProject
Global
	GlobalSection(SolutionConfigurationPlatforms) = preSolution
		Debug|Any CPU = Debug|Any CPU
		Release|Any CPU = Release|Any CPU
	EndGlobalSection
	GlobalSection(ProjectConfigurationPlatforms) = postSolution
		{55019C13-682F-4F60-95BD-BB4E577D3797}.Debug|Any CPU.ActiveCfg = Debug|Any CPU
		{55019C13-682F-4F60-95BD-BB4E577D3797}.Debug|Any CPU.Build.0 = Debug|Any CPU
		{55019C13-682F-4F60-95BD-BB4E577D3797}.Release|Any CPU.ActiveCfg = Release|Any CPU
		{55019C13-682F-4F60-95BD-BB4E577D3797}.Release|Any CPU.Build.0 = Release|Any CPU
		{99814E09-22D4-4802-B24A-2630786164AB}.Debug|Any CPU.ActiveCfg = Debug|Any CPU
		{99814E09-22D4-4802-B24A-2630786164AB}.Debug|Any CPU.Build.0 = Debug|Any CPU
		{99814E09-22D4-4802-B24A-2630786164AB}.Release|Any CPU.ActiveCfg = Release|Any CPU
		{99814E09-22D4-4802-B24A-2630786164AB}.Release|Any CPU.Build.0 = Release|Any CPU
	EndGlobalSection
	GlobalSection(SolutionProperties) = preSolution
		HideSolutionNode = FALSE
	EndGlobalSection
	GlobalSection(ExtensibilityGlobals) = postSolution
		SolutionGuid = {F3073335-35B9-4F79-A412-AB3851921A46}
	EndGlobalSection
EndGlobal
