
Microsoft Visual Studio Solution File, Format Version 12.00
# Visual Studio Version 17
VisualStudioVersion = 17.1.32319.34
MinimumVisualStudioVersion = 10.0.40219.1
Project("{9A19103F-16F7-4668-BE54-9A1E7A4F7556}") = "clase05", "clase05\clase05.csproj", "{A3DC1F95-08AF-4C2F-A92D-D84644F0766F}"
EndProject
Global
	GlobalSection(SolutionConfigurationPlatforms) = preSolution
		Debug|Any CPU = Debug|Any CPU
		Release|Any CPU = Release|Any CPU
	EndGlobalSection
	GlobalSection(ProjectConfigurationPlatforms) = postSolution
		{A3DC1F95-08AF-4C2F-A92D-D84644F0766F}.Debug|Any CPU.ActiveCfg = Debug|Any CPU
		{A3DC1F95-08AF-4C2F-A92D-D84644F0766F}.Debug|Any CPU.Build.0 = Debug|Any CPU
		{A3DC1F95-08AF-4C2F-A92D-D84644F0766F}.Release|Any CPU.ActiveCfg = Release|Any CPU
		{A3DC1F95-08AF-4C2F-A92D-D84644F0766F}.Release|Any CPU.Build.0 = Release|Any CPU
	EndGlobalSection
	GlobalSection(SolutionProperties) = preSolution
		HideSolutionNode = FALSE
	EndGlobalSection
	GlobalSection(ExtensibilityGlobals) = postSolution
		SolutionGuid = {E3C00486-2C96-46A2-BA3A-9B1628C1C261}
	EndGlobalSection
EndGlobal
