
Microsoft Visual Studio Solution File, Format Version 12.00
# Visual Studio Version 17
VisualStudioVersion = 17.1.32319.34
MinimumVisualStudioVersion = 10.0.40219.1
Project("{FAE04EC0-301F-11D3-BF4B-00C04F79EFBC}") = "Vistas", "I03.2\Vistas.csproj", "{4D97C1F0-DF99-41A8-A6FE-B2997115FB08}"
EndProject
Project("{FAE04EC0-301F-11D3-BF4B-00C04F79EFBC}") = "Biblioteca", "Biblioteca\Biblioteca.csproj", "{7C1E24C7-32D3-4249-AA9A-CD70B0EBE609}"
EndProject
Global
	GlobalSection(SolutionConfigurationPlatforms) = preSolution
		Debug|Any CPU = Debug|Any CPU
		Release|Any CPU = Release|Any CPU
	EndGlobalSection
	GlobalSection(ProjectConfigurationPlatforms) = postSolution
		{4D97C1F0-DF99-41A8-A6FE-B2997115FB08}.Debug|Any CPU.ActiveCfg = Debug|Any CPU
		{4D97C1F0-DF99-41A8-A6FE-B2997115FB08}.Debug|Any CPU.Build.0 = Debug|Any CPU
		{4D97C1F0-DF99-41A8-A6FE-B2997115FB08}.Release|Any CPU.ActiveCfg = Release|Any CPU
		{4D97C1F0-DF99-41A8-A6FE-B2997115FB08}.Release|Any CPU.Build.0 = Release|Any CPU
		{7C1E24C7-32D3-4249-AA9A-CD70B0EBE609}.Debug|Any CPU.ActiveCfg = Debug|Any CPU
		{7C1E24C7-32D3-4249-AA9A-CD70B0EBE609}.Debug|Any CPU.Build.0 = Debug|Any CPU
		{7C1E24C7-32D3-4249-AA9A-CD70B0EBE609}.Release|Any CPU.ActiveCfg = Release|Any CPU
		{7C1E24C7-32D3-4249-AA9A-CD70B0EBE609}.Release|Any CPU.Build.0 = Release|Any CPU
	EndGlobalSection
	GlobalSection(SolutionProperties) = preSolution
		HideSolutionNode = FALSE
	EndGlobalSection
	GlobalSection(ExtensibilityGlobals) = postSolution
		SolutionGuid = {923E3252-ED3C-408A-9116-66088E80A500}
	EndGlobalSection
EndGlobal
