
Microsoft Visual Studio Solution File, Format Version 12.00
# Visual Studio Version 17
VisualStudioVersion = 17.1.32319.34
MinimumVisualStudioVersion = 10.0.40219.1
Project("{FAE04EC0-301F-11D3-BF4B-00C04F79EFBC}") = "Vistas", "C02.4\Vistas.csproj", "{E0AFBA6C-BD27-453F-8961-4CB4679A38CA}"
EndProject
Project("{FAE04EC0-301F-11D3-BF4B-00C04F79EFBC}") = "Biblioteca", "Biblioteca\Biblioteca.csproj", "{809FDCFB-1CB3-4FE1-8268-2347C0E75618}"
EndProject
Global
	GlobalSection(SolutionConfigurationPlatforms) = preSolution
		Debug|Any CPU = Debug|Any CPU
		Release|Any CPU = Release|Any CPU
	EndGlobalSection
	GlobalSection(ProjectConfigurationPlatforms) = postSolution
		{E0AFBA6C-BD27-453F-8961-4CB4679A38CA}.Debug|Any CPU.ActiveCfg = Debug|Any CPU
		{E0AFBA6C-BD27-453F-8961-4CB4679A38CA}.Debug|Any CPU.Build.0 = Debug|Any CPU
		{E0AFBA6C-BD27-453F-8961-4CB4679A38CA}.Release|Any CPU.ActiveCfg = Release|Any CPU
		{E0AFBA6C-BD27-453F-8961-4CB4679A38CA}.Release|Any CPU.Build.0 = Release|Any CPU
		{809FDCFB-1CB3-4FE1-8268-2347C0E75618}.Debug|Any CPU.ActiveCfg = Debug|Any CPU
		{809FDCFB-1CB3-4FE1-8268-2347C0E75618}.Debug|Any CPU.Build.0 = Debug|Any CPU
		{809FDCFB-1CB3-4FE1-8268-2347C0E75618}.Release|Any CPU.ActiveCfg = Release|Any CPU
		{809FDCFB-1CB3-4FE1-8268-2347C0E75618}.Release|Any CPU.Build.0 = Release|Any CPU
	EndGlobalSection
	GlobalSection(SolutionProperties) = preSolution
		HideSolutionNode = FALSE
	EndGlobalSection
	GlobalSection(ExtensibilityGlobals) = postSolution
		SolutionGuid = {5FEC5B23-0A99-467D-95D3-0563F7E99FEC}
	EndGlobalSection
EndGlobal
