
Microsoft Visual Studio Solution File, Format Version 12.00
# Visual Studio Version 17
VisualStudioVersion = 17.1.32319.34
MinimumVisualStudioVersion = 10.0.40219.1
Project("{FAE04EC0-301F-11D3-BF4B-00C04F79EFBC}") = "Consola", "Consola\Consola.csproj", "{BB1CF793-FE2D-4F44-827B-BAB6F4662877}"
EndProject
Project("{FAE04EC0-301F-11D3-BF4B-00C04F79EFBC}") = "Biblioteca", "Biblioteca\Biblioteca.csproj", "{B7321B47-1B87-483F-9BEF-E36F60A7EB4E}"
EndProject
Global
	GlobalSection(SolutionConfigurationPlatforms) = preSolution
		Debug|Any CPU = Debug|Any CPU
		Release|Any CPU = Release|Any CPU
	EndGlobalSection
	GlobalSection(ProjectConfigurationPlatforms) = postSolution
		{BB1CF793-FE2D-4F44-827B-BAB6F4662877}.Debug|Any CPU.ActiveCfg = Debug|Any CPU
		{BB1CF793-FE2D-4F44-827B-BAB6F4662877}.Debug|Any CPU.Build.0 = Debug|Any CPU
		{BB1CF793-FE2D-4F44-827B-BAB6F4662877}.Release|Any CPU.ActiveCfg = Release|Any CPU
		{BB1CF793-FE2D-4F44-827B-BAB6F4662877}.Release|Any CPU.Build.0 = Release|Any CPU
		{B7321B47-1B87-483F-9BEF-E36F60A7EB4E}.Debug|Any CPU.ActiveCfg = Debug|Any CPU
		{B7321B47-1B87-483F-9BEF-E36F60A7EB4E}.Debug|Any CPU.Build.0 = Debug|Any CPU
		{B7321B47-1B87-483F-9BEF-E36F60A7EB4E}.Release|Any CPU.ActiveCfg = Release|Any CPU
		{B7321B47-1B87-483F-9BEF-E36F60A7EB4E}.Release|Any CPU.Build.0 = Release|Any CPU
	EndGlobalSection
	GlobalSection(SolutionProperties) = preSolution
		HideSolutionNode = FALSE
	EndGlobalSection
	GlobalSection(ExtensibilityGlobals) = postSolution
		SolutionGuid = {C299BEDE-3D39-4C34-8652-B5FC4E267FC4}
	EndGlobalSection
EndGlobal
