
Microsoft Visual Studio Solution File, Format Version 12.00
# Visual Studio Version 17
VisualStudioVersion = 17.1.32319.34
MinimumVisualStudioVersion = 10.0.40219.1
Project("{9A19103F-16F7-4668-BE54-9A1E7A4F7556}") = "Biblioteca", "Biblioteca\Biblioteca.csproj", "{30F6D9E4-943B-4532-9716-3423AF59A285}"
EndProject
Project("{FAE04EC0-301F-11D3-BF4B-00C04F79EFBC}") = "VistaForm", "VistaForm\VistaForm.csproj", "{ED9DE4C4-4A9F-43E8-A7E8-26F438609C8D}"
EndProject
Global
	GlobalSection(SolutionConfigurationPlatforms) = preSolution
		Debug|Any CPU = Debug|Any CPU
		Release|Any CPU = Release|Any CPU
	EndGlobalSection
	GlobalSection(ProjectConfigurationPlatforms) = postSolution
		{30F6D9E4-943B-4532-9716-3423AF59A285}.Debug|Any CPU.ActiveCfg = Debug|Any CPU
		{30F6D9E4-943B-4532-9716-3423AF59A285}.Debug|Any CPU.Build.0 = Debug|Any CPU
		{30F6D9E4-943B-4532-9716-3423AF59A285}.Release|Any CPU.ActiveCfg = Release|Any CPU
		{30F6D9E4-943B-4532-9716-3423AF59A285}.Release|Any CPU.Build.0 = Release|Any CPU
		{ED9DE4C4-4A9F-43E8-A7E8-26F438609C8D}.Debug|Any CPU.ActiveCfg = Debug|Any CPU
		{ED9DE4C4-4A9F-43E8-A7E8-26F438609C8D}.Debug|Any CPU.Build.0 = Debug|Any CPU
		{ED9DE4C4-4A9F-43E8-A7E8-26F438609C8D}.Release|Any CPU.ActiveCfg = Release|Any CPU
		{ED9DE4C4-4A9F-43E8-A7E8-26F438609C8D}.Release|Any CPU.Build.0 = Release|Any CPU
	EndGlobalSection
	GlobalSection(SolutionProperties) = preSolution
		HideSolutionNode = FALSE
	EndGlobalSection
	GlobalSection(ExtensibilityGlobals) = postSolution
		SolutionGuid = {249D86EF-B2E9-4061-B402-AB019CF3F166}
	EndGlobalSection
EndGlobal
