
Microsoft Visual Studio Solution File, Format Version 12.00
# Visual Studio Version 17
VisualStudioVersion = 17.1.32319.34
MinimumVisualStudioVersion = 10.0.40219.1
Project("{FAE04EC0-301F-11D3-BF4B-00C04F79EFBC}") = "Formularios", "Formularios\Formularios.csproj", "{AF3C0F12-D55A-427F-A3F0-B2266F390404}"
EndProject
Global
	GlobalSection(SolutionConfigurationPlatforms) = preSolution
		Debug|Any CPU = Debug|Any CPU
		Release|Any CPU = Release|Any CPU
	EndGlobalSection
	GlobalSection(ProjectConfigurationPlatforms) = postSolution
		{AF3C0F12-D55A-427F-A3F0-B2266F390404}.Debug|Any CPU.ActiveCfg = Debug|Any CPU
		{AF3C0F12-D55A-427F-A3F0-B2266F390404}.Debug|Any CPU.Build.0 = Debug|Any CPU
		{AF3C0F12-D55A-427F-A3F0-B2266F390404}.Release|Any CPU.ActiveCfg = Release|Any CPU
		{AF3C0F12-D55A-427F-A3F0-B2266F390404}.Release|Any CPU.Build.0 = Release|Any CPU
	EndGlobalSection
	GlobalSection(SolutionProperties) = preSolution
		HideSolutionNode = FALSE
	EndGlobalSection
	GlobalSection(ExtensibilityGlobals) = postSolution
		SolutionGuid = {8007DA81-A8F6-48D9-A077-C758ADB7736A}
	EndGlobalSection
EndGlobal
