
Microsoft Visual Studio Solution File, Format Version 12.00
# Visual Studio Version 17
VisualStudioVersion = 17.1.32319.34
MinimumVisualStudioVersion = 10.0.40219.1
Project("{FAE04EC0-301F-11D3-BF4B-00C04F79EFBC}") = "Consola", "Consola\Consola.csproj", "{7CB9DAA8-C444-4613-AF2A-E862DB3F1FBF}"
EndProject
Project("{FAE04EC0-301F-11D3-BF4B-00C04F79EFBC}") = "Biblioteca", "Biblioteca\Biblioteca.csproj", "{2AF018A8-A90F-494E-90D2-91E051B4177C}"
EndProject
Global
	GlobalSection(SolutionConfigurationPlatforms) = preSolution
		Debug|Any CPU = Debug|Any CPU
		Release|Any CPU = Release|Any CPU
	EndGlobalSection
	GlobalSection(ProjectConfigurationPlatforms) = postSolution
		{7CB9DAA8-C444-4613-AF2A-E862DB3F1FBF}.Debug|Any CPU.ActiveCfg = Debug|Any CPU
		{7CB9DAA8-C444-4613-AF2A-E862DB3F1FBF}.Debug|Any CPU.Build.0 = Debug|Any CPU
		{7CB9DAA8-C444-4613-AF2A-E862DB3F1FBF}.Release|Any CPU.ActiveCfg = Release|Any CPU
		{7CB9DAA8-C444-4613-AF2A-E862DB3F1FBF}.Release|Any CPU.Build.0 = Release|Any CPU
		{2AF018A8-A90F-494E-90D2-91E051B4177C}.Debug|Any CPU.ActiveCfg = Debug|Any CPU
		{2AF018A8-A90F-494E-90D2-91E051B4177C}.Debug|Any CPU.Build.0 = Debug|Any CPU
		{2AF018A8-A90F-494E-90D2-91E051B4177C}.Release|Any CPU.ActiveCfg = Release|Any CPU
		{2AF018A8-A90F-494E-90D2-91E051B4177C}.Release|Any CPU.Build.0 = Release|Any CPU
	EndGlobalSection
	GlobalSection(SolutionProperties) = preSolution
		HideSolutionNode = FALSE
	EndGlobalSection
	GlobalSection(ExtensibilityGlobals) = postSolution
		SolutionGuid = {246445BE-02A2-4B86-8056-A89BA01E19F4}
	EndGlobalSection
EndGlobal
