
Microsoft Visual Studio Solution File, Format Version 12.00
# Visual Studio Version 17
VisualStudioVersion = 17.1.32319.34
MinimumVisualStudioVersion = 10.0.40219.1
Project("{9A19103F-16F7-4668-BE54-9A1E7A4F7556}") = "Biblioteca", "Biblioteca\Biblioteca.csproj", "{9DB9746C-A1FD-4D7E-B069-A8F72C79486D}"
EndProject
Project("{FAE04EC0-301F-11D3-BF4B-00C04F79EFBC}") = "Vistas", "Vistas\Vistas.csproj", "{379FD2BE-A0BA-4B7C-A739-521ECF38A67E}"
EndProject
Global
	GlobalSection(SolutionConfigurationPlatforms) = preSolution
		Debug|Any CPU = Debug|Any CPU
		Release|Any CPU = Release|Any CPU
	EndGlobalSection
	GlobalSection(ProjectConfigurationPlatforms) = postSolution
		{9DB9746C-A1FD-4D7E-B069-A8F72C79486D}.Debug|Any CPU.ActiveCfg = Debug|Any CPU
		{9DB9746C-A1FD-4D7E-B069-A8F72C79486D}.Debug|Any CPU.Build.0 = Debug|Any CPU
		{9DB9746C-A1FD-4D7E-B069-A8F72C79486D}.Release|Any CPU.ActiveCfg = Release|Any CPU
		{9DB9746C-A1FD-4D7E-B069-A8F72C79486D}.Release|Any CPU.Build.0 = Release|Any CPU
		{379FD2BE-A0BA-4B7C-A739-521ECF38A67E}.Debug|Any CPU.ActiveCfg = Debug|Any CPU
		{379FD2BE-A0BA-4B7C-A739-521ECF38A67E}.Debug|Any CPU.Build.0 = Debug|Any CPU
		{379FD2BE-A0BA-4B7C-A739-521ECF38A67E}.Release|Any CPU.ActiveCfg = Release|Any CPU
		{379FD2BE-A0BA-4B7C-A739-521ECF38A67E}.Release|Any CPU.Build.0 = Release|Any CPU
	EndGlobalSection
	GlobalSection(SolutionProperties) = preSolution
		HideSolutionNode = FALSE
	EndGlobalSection
	GlobalSection(ExtensibilityGlobals) = postSolution
		SolutionGuid = {C76CB2B7-B631-43B4-80E2-16C672159F34}
	EndGlobalSection
EndGlobal
