
Microsoft Visual Studio Solution File, Format Version 12.00
# Visual Studio Version 17
VisualStudioVersion = 17.1.32319.34
MinimumVisualStudioVersion = 10.0.40219.1
Project("{FAE04EC0-301F-11D3-BF4B-00C04F79EFBC}") = "Biblioteca", "Biblioteca\Biblioteca.csproj", "{B914A70D-065F-41AF-8417-A7BA15AF0D6A}"
EndProject
Project("{FAE04EC0-301F-11D3-BF4B-00C04F79EFBC}") = "VistasForm", "VistasForm\VistasForm.csproj", "{D863C35C-0624-4AD2-A218-8543FC3C01F0}"
EndProject
Global
	GlobalSection(SolutionConfigurationPlatforms) = preSolution
		Debug|Any CPU = Debug|Any CPU
		Release|Any CPU = Release|Any CPU
	EndGlobalSection
	GlobalSection(ProjectConfigurationPlatforms) = postSolution
		{B914A70D-065F-41AF-8417-A7BA15AF0D6A}.Debug|Any CPU.ActiveCfg = Debug|Any CPU
		{B914A70D-065F-41AF-8417-A7BA15AF0D6A}.Debug|Any CPU.Build.0 = Debug|Any CPU
		{B914A70D-065F-41AF-8417-A7BA15AF0D6A}.Release|Any CPU.ActiveCfg = Release|Any CPU
		{B914A70D-065F-41AF-8417-A7BA15AF0D6A}.Release|Any CPU.Build.0 = Release|Any CPU
		{D863C35C-0624-4AD2-A218-8543FC3C01F0}.Debug|Any CPU.ActiveCfg = Debug|Any CPU
		{D863C35C-0624-4AD2-A218-8543FC3C01F0}.Debug|Any CPU.Build.0 = Debug|Any CPU
		{D863C35C-0624-4AD2-A218-8543FC3C01F0}.Release|Any CPU.ActiveCfg = Release|Any CPU
		{D863C35C-0624-4AD2-A218-8543FC3C01F0}.Release|Any CPU.Build.0 = Release|Any CPU
	EndGlobalSection
	GlobalSection(SolutionProperties) = preSolution
		HideSolutionNode = FALSE
	EndGlobalSection
	GlobalSection(ExtensibilityGlobals) = postSolution
		SolutionGuid = {993A168A-1278-4164-87E1-730AD735AC6B}
	EndGlobalSection
EndGlobal
