
Microsoft Visual Studio Solution File, Format Version 12.00
# Visual Studio Version 17
VisualStudioVersion = 17.1.32319.34
MinimumVisualStudioVersion = 10.0.40219.1
Project("{FAE04EC0-301F-11D3-BF4B-00C04F79EFBC}") = "Vistas", "I06.2\Vistas.csproj", "{5B602A22-CE4F-467F-909C-571580D34C62}"
EndProject
Project("{FAE04EC0-301F-11D3-BF4B-00C04F79EFBC}") = "Biblioteca", "Biblioteca\Biblioteca.csproj", "{953A1B8F-BEF7-40CB-B75D-A1BB030F7485}"
EndProject
Global
	GlobalSection(SolutionConfigurationPlatforms) = preSolution
		Debug|Any CPU = Debug|Any CPU
		Release|Any CPU = Release|Any CPU
	EndGlobalSection
	GlobalSection(ProjectConfigurationPlatforms) = postSolution
		{5B602A22-CE4F-467F-909C-571580D34C62}.Debug|Any CPU.ActiveCfg = Debug|Any CPU
		{5B602A22-CE4F-467F-909C-571580D34C62}.Debug|Any CPU.Build.0 = Debug|Any CPU
		{5B602A22-CE4F-467F-909C-571580D34C62}.Release|Any CPU.ActiveCfg = Release|Any CPU
		{5B602A22-CE4F-467F-909C-571580D34C62}.Release|Any CPU.Build.0 = Release|Any CPU
		{953A1B8F-BEF7-40CB-B75D-A1BB030F7485}.Debug|Any CPU.ActiveCfg = Debug|Any CPU
		{953A1B8F-BEF7-40CB-B75D-A1BB030F7485}.Debug|Any CPU.Build.0 = Debug|Any CPU
		{953A1B8F-BEF7-40CB-B75D-A1BB030F7485}.Release|Any CPU.ActiveCfg = Release|Any CPU
		{953A1B8F-BEF7-40CB-B75D-A1BB030F7485}.Release|Any CPU.Build.0 = Release|Any CPU
	EndGlobalSection
	GlobalSection(SolutionProperties) = preSolution
		HideSolutionNode = FALSE
	EndGlobalSection
	GlobalSection(ExtensibilityGlobals) = postSolution
		SolutionGuid = {0B6BCC81-EDA3-4FAD-8932-5D0681386A8B}
	EndGlobalSection
EndGlobal
